<?xml version="1.0" encoding="utf-8"?>
<Project ToolsVersion="4.0" xmlns="http://schemas.microsoft.com/developer/msbuild/2003">
  <ItemGroup>
    <Filter Include="Source Files">
      <UniqueIdentifier>{4FC737F1-C7A5-4376-A066-2A32D752A2FF}</UniqueIdentifier>
      <Extensions>cpp;c;cc;cxx;def;odl;idl;hpj;bat;asm;asmx</Extensions>
    </Filter>
    <Filter Include="Header Files">
      <UniqueIdentifier>{93995380-89BD-4b04-88EB-625FBE52EBFB}</UniqueIdentifier>
      <Extensions>h;hh;hpp;hxx;hm;inl;inc;xsd</Extensions>
    </Filter>
    <Filter Include="Resource Files">
      <UniqueIdentifier>{D9D6E242-F8AF-46E4-B9FD-80ECBC20BA3E}</UniqueIdentifier>
      <Extensions>qrc;*</Extensions>
      <ParseFiles>false</ParseFiles>
    </Filter>
    <Filter Include="Form Files">
      <UniqueIdentifier>{99349809-55BA-4b9d-BF79-8FDBB0286EB3}</UniqueIdentifier>
      <Extensions>ui</Extensions>
    </Filter>
    <Filter Include="Resource Files">
      <UniqueIdentifier>{D9D6E242-F8AF-46E4-B9FD-80ECBC20BA3E}</UniqueIdentifier>
      <Extensions>qrc;*</Extensions>
      <ParseFiles>false</ParseFiles>
    </Filter>
  </ItemGroup>
  <ItemGroup>
    <ClCompile Include="main.cpp">
      <Filter>Source Files</Filter>
    </ClCompile>
    <ClCompile Include="MainWindow.cpp">
      <Filter>Source Files</Filter>
    </ClCompile>
    <ClCompile Include="CustomMdSpi.cpp">
      <Filter>Source Files</Filter>
    </ClCompile>
    <ClCompile Include="MarketData.cpp">
      <Filter>Source Files</Filter>
    </ClCompile>
    <ClCompile Include="MarketDataMessage.cpp">
      <Filter>Source Files</Filter>
    </ClCompile>
    <ClCompile Include="LogSystem.cpp">
      <Filter>Source Files</Filter>
    </ClCompile>
    <ClCompile Include="InstrumentInfo.cpp">
      <Filter>Source Files</Filter>
    </ClCompile>
    <ClCompile Include="TradeDataMessage.cpp">
      <Filter>Source Files</Filter>
    </ClCompile>
    <ClCompile Include="CTPTrader.cpp">
      <Filter>Source Files</Filter>
    </ClCompile>
    <ClCompile Include="CustomTdSpi.cpp">
      <Filter>Source Files</Filter>
    </ClCompile>
    <ClCompile Include="Account.cpp">
      <Filter>Source Files</Filter>
    </ClCompile>
    <ClCompile Include="LoginDialog.cpp">
      <Filter>Source Files</Filter>
    </ClCompile>
    <ClCompile Include="Message.cpp">
      <Filter>Source Files</Filter>
    </ClCompile>
    <ClCompile Include="MarketTime.cpp">
      <Filter>Source Files</Filter>
    </ClCompile>
    <ClCompile Include="OperationWindow.cpp">
      <Filter>Source Files</Filter>
    </ClCompile>
    <ClCompile Include="HandTradePage.cpp">
      <Filter>Source Files</Filter>
    </ClCompile>
    <ClCompile Include="TradePanelTab.cpp">
      <Filter>Source Files</Filter>
    </ClCompile>
    <ClCompile Include="LogBrowser.cpp">
      <Filter>Source Files</Filter>
    </ClCompile>
    <ClCompile Include="PositionTable.cpp">
      <Filter>Source Files</Filter>
    </ClCompile>
    <ClCompile Include="OrderRecTab.cpp">
      <Filter>Source Files</Filter>
    </ClCompile>
    <ClCompile Include="AccountPage.cpp">
      <Filter>Source Files</Filter>
    </ClCompile>
    <ClCompile Include="StrategyTradePage.cpp">
      <Filter>Source Files</Filter>
    </ClCompile>
    <ClCompile Include="date.cpp">
      <Filter>Source Files</Filter>
    </ClCompile>
    <ClCompile Include="UTF8ToString.cpp">
      <Filter>Source Files</Filter>
    </ClCompile>
  </ItemGroup>
  <ItemGroup>
    <ClInclude Include="CustomMdSpi.h">
      <Filter>Header Files</Filter>
    </ClInclude>
    <ClInclude Include="DataCollect.h">
      <Filter>Header Files</Filter>
    </ClInclude>
    <ClInclude Include="LogSystem.h">
      <Filter>Header Files</Filter>
    </ClInclude>
    <ClInclude Include="ThostFtdcMdApi.h">
      <Filter>Header Files</Filter>
    </ClInclude>
    <ClInclude Include="ThostFtdcTraderApi.h">
      <Filter>Header Files</Filter>
    </ClInclude>
    <ClInclude Include="ThostFtdcUserApiDataType.h">
      <Filter>Header Files</Filter>
    </ClInclude>
    <ClInclude Include="ThostFtdcUserApiStruct.h">
      <Filter>Header Files</Filter>
    </ClInclude>
    <ClInclude Include="Message.h">
      <Filter>Header Files</Filter>
    </ClInclude>
    <ClInclude Include="MarketData.h">
      <Filter>Header Files</Filter>
    </ClInclude>
    <ClInclude Include="InstrumentInfo.h">
      <Filter>Header Files</Filter>
    </ClInclude>
    <ClInclude Include="MarketDataMessage.h">
      <Filter>Header Files</Filter>
    </ClInclude>
    <ClInclude Include="date.h">
      <Filter>Header Files</Filter>
    </ClInclude>
    <ClInclude Include="CustomTdSpi.h">
      <Filter>Header Files</Filter>
    </ClInclude>
    <ClInclude Include="CTPTrader.h">
      <Filter>Header Files</Filter>
    </ClInclude>
    <ClInclude Include="TradeDataMessage.h">
      <Filter>Header Files</Filter>
    </ClInclude>
    <ClInclude Include="Account.h">
      <Filter>Header Files</Filter>
    </ClInclude>
    <ClInclude Include="json.hpp">
      <Filter>Header Files</Filter>
    </ClInclude>
    <ClInclude Include="stdafx.h">
      <Filter>Header Files</Filter>
    </ClInclude>
    <ClInclude Include="MarketTime.h">
      <Filter>Header Files</Filter>
    </ClInclude>
    <ClInclude Include="LogBrowser.h">
      <Filter>Header Files</Filter>
    </ClInclude>
    <ClInclude Include="PositionTable.h">
      <Filter>Header Files</Filter>
    </ClInclude>
    <ClInclude Include="TradePanelTab.h">
      <Filter>Header Files</Filter>
    </ClInclude>
    <ClInclude Include="TimerOrder.h">
      <Filter>Header Files</Filter>
    </ClInclude>
    <ClInclude Include="StrategyAPI.h">
      <Filter>Header Files</Filter>
    </ClInclude>
    <ClInclude Include="StrategyBase.h">
      <Filter>Header Files</Filter>
    </ClInclude>
    <ClInclude Include="UTF8ToString.h">
      <Filter>Header Files</Filter>
    </ClInclude>
  </ItemGroup>
  <ItemGroup>
    <QtMoc Include="LoginDialog.h">
      <Filter>Header Files</Filter>
    </QtMoc>
    <QtMoc Include="OperationWindow.h">
      <Filter>Header Files</Filter>
    </QtMoc>
    <QtMoc Include="MainWindow.h">
      <Filter>Header Files</Filter>
    </QtMoc>
    <QtMoc Include="HandTradePage.h">
      <Filter>Header Files</Filter>
    </QtMoc>
    <QtMoc Include="StrategyTradePage.h">
      <Filter>Header Files</Filter>
    </QtMoc>
    <QtMoc Include="SpecialTradePage.h">
      <Filter>Header Files</Filter>
    </QtMoc>
    <QtMoc Include="AccountPage.h">
      <Filter>Header Files</Filter>
    </QtMoc>
    <QtMoc Include="OrderRecTab.h">
      <Filter>Header Files</Filter>
    </QtMoc>
  </ItemGroup>
  <ItemGroup>
    <QtRcc Include="MainWindow.qrc">
      <Filter>Resource Files</Filter>
    </QtRcc>
  </ItemGroup>
  <ItemGroup>
    <None Include="chbdate.dll">
      <Filter>Resource Files</Filter>
    </None>
    <None Include="thostmduserapi_se.dll">
      <Filter>Resource Files</Filter>
    </None>
    <None Include="thosttraderapi_se.dll">
      <Filter>Resource Files</Filter>
    </None>
    <None Include="WinDataCollect.dll">
      <Filter>Resource Files</Filter>
    </None>
    <None Include="StrategyAPI.dll">
      <Filter>Resource Files</Filter>
    </None>
    <None Include="Strategy.dll">
      <Filter>Resource Files</Filter>
    </None>
  </ItemGroup>
  <ItemGroup>
    <Library Include="chbdate.lib">
      <Filter>Resource Files</Filter>
    </Library>
    <Library Include="thostmduserapi_se.lib">
      <Filter>Resource Files</Filter>
    </Library>
    <Library Include="thosttraderapi_se.lib">
      <Filter>Resource Files</Filter>
    </Library>
    <Library Include="WinDataCollect.lib">
      <Filter>Resource Files</Filter>
    </Library>
    <Library Include="StrategyAPI.lib">
      <Filter>Resource Files</Filter>
    </Library>
    <Library Include="Strategy.lib">
      <Filter>Resource Files</Filter>
    </Library>
  </ItemGroup>
  <ItemGroup>
    <QtUic Include="MainWindow.ui">
      <Filter>Form Files</Filter>
    </QtUic>
  </ItemGroup>
</Project>